
Microsoft Visual Studio Solution File, Format Version 12.00
# Visual Studio Version 16
VisualStudioVersion = 16.0.30523.141
MinimumVisualStudioVersion = 10.0.40219.1
Project("{FAE04EC0-301F-11D3-BF4B-00C04F79EFBC}") = "laba 8 Collections", "laba 8 Collections\laba 8 Collections.csproj", "{3C1B83A9-B560-4BE7-B038-6F121615DECA}"
EndProject
Global
	GlobalSection(SolutionConfigurationPlatforms) = preSolution
		Debug|Any CPU = Debug|Any CPU
		Release|Any CPU = Release|Any CPU
	EndGlobalSection
	GlobalSection(ProjectConfigurationPlatforms) = postSolution
		{3C1B83A9-B560-4BE7-B038-6F121615DECA}.Debug|Any CPU.ActiveCfg = Debug|Any CPU
		{3C1B83A9-B560-4BE7-B038-6F121615DECA}.Debug|Any CPU.Build.0 = Debug|Any CPU
		{3C1B83A9-B560-4BE7-B038-6F121615DECA}.Release|Any CPU.ActiveCfg = Release|Any CPU
		{3C1B83A9-B560-4BE7-B038-6F121615DECA}.Release|Any CPU.Build.0 = Release|Any CPU
	EndGlobalSection
	GlobalSection(SolutionProperties) = preSolution
		HideSolutionNode = FALSE
	EndGlobalSection
	GlobalSection(ExtensibilityGlobals) = postSolution
		SolutionGuid = {15E0CC15-5706-4173-8C67-C1F364841B20}
	EndGlobalSection
EndGlobal
