
Microsoft Visual Studio Solution File, Format Version 12.00
# Visual Studio Version 16
VisualStudioVersion = 16.0.30523.141
MinimumVisualStudioVersion = 10.0.40219.1
Project("{9A19103F-16F7-4668-BE54-9A1E7A4F7556}") = "laba 7 exception", "laba 7 exception\laba 7 exception.csproj", "{01748145-DC0F-4491-AA0A-B2B87E319E9E}"
EndProject
Global
	GlobalSection(SolutionConfigurationPlatforms) = preSolution
		Debug|Any CPU = Debug|Any CPU
		Release|Any CPU = Release|Any CPU
	EndGlobalSection
	GlobalSection(ProjectConfigurationPlatforms) = postSolution
		{01748145-DC0F-4491-AA0A-B2B87E319E9E}.Debug|Any CPU.ActiveCfg = Debug|Any CPU
		{01748145-DC0F-4491-AA0A-B2B87E319E9E}.Debug|Any CPU.Build.0 = Debug|Any CPU
		{01748145-DC0F-4491-AA0A-B2B87E319E9E}.Release|Any CPU.ActiveCfg = Release|Any CPU
		{01748145-DC0F-4491-AA0A-B2B87E319E9E}.Release|Any CPU.Build.0 = Release|Any CPU
	EndGlobalSection
	GlobalSection(SolutionProperties) = preSolution
		HideSolutionNode = FALSE
	EndGlobalSection
	GlobalSection(ExtensibilityGlobals) = postSolution
		SolutionGuid = {6BA2F3E1-BD9F-4911-A81F-9BE1976F5F71}
	EndGlobalSection
EndGlobal
